# generated by rye
# use `rye lock` or `rye sync` to update this lockfile
#
# last locked with the following flags:
#   pre: false
#   features: []
#   all-features: false
#   with-sources: false
#   generate-hashes: false
#   universal: false

-e file:.
aiosmtpd==1.4.6
    # via venaja-2024-hack
atpublic==5.0
    # via aiosmtpd
attrs==24.2.0
    # via aiosmtpd
multipledispatch==1.0.0
    # via venaja-2024-hack
pep8==1.7.1
    # via venaja-2024-hack
